
Microsoft Visual Studio Solution File, Format Version 12.00
# Visual Studio Version 16
VisualStudioVersion = 16.0.30114.105
MinimumVisualStudioVersion = 10.0.40219.1
Project("{FAE04EC0-301F-11D3-BF4B-00C04F79EFBC}") = "AWS.DynamoDB", "AWS.DynamoDB\AWS.DynamoDB.csproj", "{0552F8E0-441D-4C2B-81C3-A6E57E57B8C9}"
EndProject
Project("{FAE04EC0-301F-11D3-BF4B-00C04F79EFBC}") = "AWS.SQS", "AWS.SQS\AWS.SQS.csproj", "{6DC34EF2-F4ED-4C97-A7CC-5460E42299DB}"
EndProject
Global
	GlobalSection(SolutionConfigurationPlatforms) = preSolution
		Debug|Any CPU = Debug|Any CPU
		Debug|x64 = Debug|x64
		Debug|x86 = Debug|x86
		Release|Any CPU = Release|Any CPU
		Release|x64 = Release|x64
		Release|x86 = Release|x86
	EndGlobalSection
	GlobalSection(SolutionProperties) = preSolution
		HideSolutionNode = FALSE
	EndGlobalSection
	GlobalSection(ProjectConfigurationPlatforms) = postSolution
		{0552F8E0-441D-4C2B-81C3-A6E57E57B8C9}.Debug|Any CPU.ActiveCfg = Debug|Any CPU
		{0552F8E0-441D-4C2B-81C3-A6E57E57B8C9}.Debug|Any CPU.Build.0 = Debug|Any CPU
		{0552F8E0-441D-4C2B-81C3-A6E57E57B8C9}.Debug|x64.ActiveCfg = Debug|Any CPU
		{0552F8E0-441D-4C2B-81C3-A6E57E57B8C9}.Debug|x64.Build.0 = Debug|Any CPU
		{0552F8E0-441D-4C2B-81C3-A6E57E57B8C9}.Debug|x86.ActiveCfg = Debug|Any CPU
		{0552F8E0-441D-4C2B-81C3-A6E57E57B8C9}.Debug|x86.Build.0 = Debug|Any CPU
		{0552F8E0-441D-4C2B-81C3-A6E57E57B8C9}.Release|Any CPU.ActiveCfg = Release|Any CPU
		{0552F8E0-441D-4C2B-81C3-A6E57E57B8C9}.Release|Any CPU.Build.0 = Release|Any CPU
		{0552F8E0-441D-4C2B-81C3-A6E57E57B8C9}.Release|x64.ActiveCfg = Release|Any CPU
		{0552F8E0-441D-4C2B-81C3-A6E57E57B8C9}.Release|x64.Build.0 = Release|Any CPU
		{0552F8E0-441D-4C2B-81C3-A6E57E57B8C9}.Release|x86.ActiveCfg = Release|Any CPU
		{0552F8E0-441D-4C2B-81C3-A6E57E57B8C9}.Release|x86.Build.0 = Release|Any CPU
		{6DC34EF2-F4ED-4C97-A7CC-5460E42299DB}.Debug|Any CPU.ActiveCfg = Debug|Any CPU
		{6DC34EF2-F4ED-4C97-A7CC-5460E42299DB}.Debug|Any CPU.Build.0 = Debug|Any CPU
		{6DC34EF2-F4ED-4C97-A7CC-5460E42299DB}.Debug|x64.ActiveCfg = Debug|Any CPU
		{6DC34EF2-F4ED-4C97-A7CC-5460E42299DB}.Debug|x64.Build.0 = Debug|Any CPU
		{6DC34EF2-F4ED-4C97-A7CC-5460E42299DB}.Debug|x86.ActiveCfg = Debug|Any CPU
		{6DC34EF2-F4ED-4C97-A7CC-5460E42299DB}.Debug|x86.Build.0 = Debug|Any CPU
		{6DC34EF2-F4ED-4C97-A7CC-5460E42299DB}.Release|Any CPU.ActiveCfg = Release|Any CPU
		{6DC34EF2-F4ED-4C97-A7CC-5460E42299DB}.Release|Any CPU.Build.0 = Release|Any CPU
		{6DC34EF2-F4ED-4C97-A7CC-5460E42299DB}.Release|x64.ActiveCfg = Release|Any CPU
		{6DC34EF2-F4ED-4C97-A7CC-5460E42299DB}.Release|x64.Build.0 = Release|Any CPU
		{6DC34EF2-F4ED-4C97-A7CC-5460E42299DB}.Release|x86.ActiveCfg = Release|Any CPU
		{6DC34EF2-F4ED-4C97-A7CC-5460E42299DB}.Release|x86.Build.0 = Release|Any CPU
	EndGlobalSection
EndGlobal
