
Microsoft Visual Studio Solution File, Format Version 12.00
# Visual Studio Version 16
VisualStudioVersion = 16.0.30114.105
MinimumVisualStudioVersion = 10.0.40219.1
Project("{FAE04EC0-301F-11D3-BF4B-00C04F79EFBC}") = "AWS.DynamoDB", "AWS.DynamoDB\AWS.DynamoDB.csproj", "{C0AEA1DF-0DED-4909-9E2C-1E5BD44BA2AD}"
EndProject
Project("{FAE04EC0-301F-11D3-BF4B-00C04F79EFBC}") = "AWS.IoC", "AWS.IoC\AWS.IoC.csproj", "{FA2FC835-4FC1-47EE-849A-D9830CB8A974}"
EndProject
Project("{FAE04EC0-301F-11D3-BF4B-00C04F79EFBC}") = "AWS.ParameterStore", "AWS.ParameterStore\AWS.ParameterStore.csproj", "{500F6F9A-901B-4B88-9A15-9BA16792849E}"
EndProject
Project("{FAE04EC0-301F-11D3-BF4B-00C04F79EFBC}") = "AWS.S3", "AWS.S3\AWS.S3.csproj", "{75E205E1-8823-400E-9908-CDBA55FE62F9}"
EndProject
Project("{FAE04EC0-301F-11D3-BF4B-00C04F79EFBC}") = "AWS.SecretManager", "AWS.SecretManager\AWS.SecretManager.csproj", "{6EACAF68-6BAD-4270-8D9B-44AB01CB5B04}"
EndProject
Project("{FAE04EC0-301F-11D3-BF4B-00C04F79EFBC}") = "AWS.SNS", "AWS.SNS\AWS.SNS.csproj", "{A234E713-5AE2-4E41-B5E1-F70758D1AEDE}"
EndProject
Project("{FAE04EC0-301F-11D3-BF4B-00C04F79EFBC}") = "AWS.SQS", "AWS.SQS\AWS.SQS.csproj", "{1C186E55-8EDD-44A1-A06F-A2D9090E9D79}"
EndProject
Project("{FAE04EC0-301F-11D3-BF4B-00C04F79EFBC}") = "AWS.Main", "AWS.Main\AWS.Main.csproj", "{A6C4B9C3-893D-4D09-A18A-420A8FAF913C}"
EndProject
Global
	GlobalSection(SolutionConfigurationPlatforms) = preSolution
		Debug|Any CPU = Debug|Any CPU
		Debug|x64 = Debug|x64
		Debug|x86 = Debug|x86
		Release|Any CPU = Release|Any CPU
		Release|x64 = Release|x64
		Release|x86 = Release|x86
	EndGlobalSection
	GlobalSection(SolutionProperties) = preSolution
		HideSolutionNode = FALSE
	EndGlobalSection
	GlobalSection(ProjectConfigurationPlatforms) = postSolution
		{C0AEA1DF-0DED-4909-9E2C-1E5BD44BA2AD}.Debug|Any CPU.ActiveCfg = Debug|Any CPU
		{C0AEA1DF-0DED-4909-9E2C-1E5BD44BA2AD}.Debug|Any CPU.Build.0 = Debug|Any CPU
		{C0AEA1DF-0DED-4909-9E2C-1E5BD44BA2AD}.Debug|x64.ActiveCfg = Debug|Any CPU
		{C0AEA1DF-0DED-4909-9E2C-1E5BD44BA2AD}.Debug|x64.Build.0 = Debug|Any CPU
		{C0AEA1DF-0DED-4909-9E2C-1E5BD44BA2AD}.Debug|x86.ActiveCfg = Debug|Any CPU
		{C0AEA1DF-0DED-4909-9E2C-1E5BD44BA2AD}.Debug|x86.Build.0 = Debug|Any CPU
		{C0AEA1DF-0DED-4909-9E2C-1E5BD44BA2AD}.Release|Any CPU.ActiveCfg = Release|Any CPU
		{C0AEA1DF-0DED-4909-9E2C-1E5BD44BA2AD}.Release|Any CPU.Build.0 = Release|Any CPU
		{C0AEA1DF-0DED-4909-9E2C-1E5BD44BA2AD}.Release|x64.ActiveCfg = Release|Any CPU
		{C0AEA1DF-0DED-4909-9E2C-1E5BD44BA2AD}.Release|x64.Build.0 = Release|Any CPU
		{C0AEA1DF-0DED-4909-9E2C-1E5BD44BA2AD}.Release|x86.ActiveCfg = Release|Any CPU
		{C0AEA1DF-0DED-4909-9E2C-1E5BD44BA2AD}.Release|x86.Build.0 = Release|Any CPU
		{FA2FC835-4FC1-47EE-849A-D9830CB8A974}.Debug|Any CPU.ActiveCfg = Debug|Any CPU
		{FA2FC835-4FC1-47EE-849A-D9830CB8A974}.Debug|Any CPU.Build.0 = Debug|Any CPU
		{FA2FC835-4FC1-47EE-849A-D9830CB8A974}.Debug|x64.ActiveCfg = Debug|Any CPU
		{FA2FC835-4FC1-47EE-849A-D9830CB8A974}.Debug|x64.Build.0 = Debug|Any CPU
		{FA2FC835-4FC1-47EE-849A-D9830CB8A974}.Debug|x86.ActiveCfg = Debug|Any CPU
		{FA2FC835-4FC1-47EE-849A-D9830CB8A974}.Debug|x86.Build.0 = Debug|Any CPU
		{FA2FC835-4FC1-47EE-849A-D9830CB8A974}.Release|Any CPU.ActiveCfg = Release|Any CPU
		{FA2FC835-4FC1-47EE-849A-D9830CB8A974}.Release|Any CPU.Build.0 = Release|Any CPU
		{FA2FC835-4FC1-47EE-849A-D9830CB8A974}.Release|x64.ActiveCfg = Release|Any CPU
		{FA2FC835-4FC1-47EE-849A-D9830CB8A974}.Release|x64.Build.0 = Release|Any CPU
		{FA2FC835-4FC1-47EE-849A-D9830CB8A974}.Release|x86.ActiveCfg = Release|Any CPU
		{FA2FC835-4FC1-47EE-849A-D9830CB8A974}.Release|x86.Build.0 = Release|Any CPU
		{500F6F9A-901B-4B88-9A15-9BA16792849E}.Debug|Any CPU.ActiveCfg = Debug|Any CPU
		{500F6F9A-901B-4B88-9A15-9BA16792849E}.Debug|Any CPU.Build.0 = Debug|Any CPU
		{500F6F9A-901B-4B88-9A15-9BA16792849E}.Debug|x64.ActiveCfg = Debug|Any CPU
		{500F6F9A-901B-4B88-9A15-9BA16792849E}.Debug|x64.Build.0 = Debug|Any CPU
		{500F6F9A-901B-4B88-9A15-9BA16792849E}.Debug|x86.ActiveCfg = Debug|Any CPU
		{500F6F9A-901B-4B88-9A15-9BA16792849E}.Debug|x86.Build.0 = Debug|Any CPU
		{500F6F9A-901B-4B88-9A15-9BA16792849E}.Release|Any CPU.ActiveCfg = Release|Any CPU
		{500F6F9A-901B-4B88-9A15-9BA16792849E}.Release|Any CPU.Build.0 = Release|Any CPU
		{500F6F9A-901B-4B88-9A15-9BA16792849E}.Release|x64.ActiveCfg = Release|Any CPU
		{500F6F9A-901B-4B88-9A15-9BA16792849E}.Release|x64.Build.0 = Release|Any CPU
		{500F6F9A-901B-4B88-9A15-9BA16792849E}.Release|x86.ActiveCfg = Release|Any CPU
		{500F6F9A-901B-4B88-9A15-9BA16792849E}.Release|x86.Build.0 = Release|Any CPU
		{75E205E1-8823-400E-9908-CDBA55FE62F9}.Debug|Any CPU.ActiveCfg = Debug|Any CPU
		{75E205E1-8823-400E-9908-CDBA55FE62F9}.Debug|Any CPU.Build.0 = Debug|Any CPU
		{75E205E1-8823-400E-9908-CDBA55FE62F9}.Debug|x64.ActiveCfg = Debug|Any CPU
		{75E205E1-8823-400E-9908-CDBA55FE62F9}.Debug|x64.Build.0 = Debug|Any CPU
		{75E205E1-8823-400E-9908-CDBA55FE62F9}.Debug|x86.ActiveCfg = Debug|Any CPU
		{75E205E1-8823-400E-9908-CDBA55FE62F9}.Debug|x86.Build.0 = Debug|Any CPU
		{75E205E1-8823-400E-9908-CDBA55FE62F9}.Release|Any CPU.ActiveCfg = Release|Any CPU
		{75E205E1-8823-400E-9908-CDBA55FE62F9}.Release|Any CPU.Build.0 = Release|Any CPU
		{75E205E1-8823-400E-9908-CDBA55FE62F9}.Release|x64.ActiveCfg = Release|Any CPU
		{75E205E1-8823-400E-9908-CDBA55FE62F9}.Release|x64.Build.0 = Release|Any CPU
		{75E205E1-8823-400E-9908-CDBA55FE62F9}.Release|x86.ActiveCfg = Release|Any CPU
		{75E205E1-8823-400E-9908-CDBA55FE62F9}.Release|x86.Build.0 = Release|Any CPU
		{6EACAF68-6BAD-4270-8D9B-44AB01CB5B04}.Debug|Any CPU.ActiveCfg = Debug|Any CPU
		{6EACAF68-6BAD-4270-8D9B-44AB01CB5B04}.Debug|Any CPU.Build.0 = Debug|Any CPU
		{6EACAF68-6BAD-4270-8D9B-44AB01CB5B04}.Debug|x64.ActiveCfg = Debug|Any CPU
		{6EACAF68-6BAD-4270-8D9B-44AB01CB5B04}.Debug|x64.Build.0 = Debug|Any CPU
		{6EACAF68-6BAD-4270-8D9B-44AB01CB5B04}.Debug|x86.ActiveCfg = Debug|Any CPU
		{6EACAF68-6BAD-4270-8D9B-44AB01CB5B04}.Debug|x86.Build.0 = Debug|Any CPU
		{6EACAF68-6BAD-4270-8D9B-44AB01CB5B04}.Release|Any CPU.ActiveCfg = Release|Any CPU
		{6EACAF68-6BAD-4270-8D9B-44AB01CB5B04}.Release|Any CPU.Build.0 = Release|Any CPU
		{6EACAF68-6BAD-4270-8D9B-44AB01CB5B04}.Release|x64.ActiveCfg = Release|Any CPU
		{6EACAF68-6BAD-4270-8D9B-44AB01CB5B04}.Release|x64.Build.0 = Release|Any CPU
		{6EACAF68-6BAD-4270-8D9B-44AB01CB5B04}.Release|x86.ActiveCfg = Release|Any CPU
		{6EACAF68-6BAD-4270-8D9B-44AB01CB5B04}.Release|x86.Build.0 = Release|Any CPU
		{A234E713-5AE2-4E41-B5E1-F70758D1AEDE}.Debug|Any CPU.ActiveCfg = Debug|Any CPU
		{A234E713-5AE2-4E41-B5E1-F70758D1AEDE}.Debug|Any CPU.Build.0 = Debug|Any CPU
		{A234E713-5AE2-4E41-B5E1-F70758D1AEDE}.Debug|x64.ActiveCfg = Debug|Any CPU
		{A234E713-5AE2-4E41-B5E1-F70758D1AEDE}.Debug|x64.Build.0 = Debug|Any CPU
		{A234E713-5AE2-4E41-B5E1-F70758D1AEDE}.Debug|x86.ActiveCfg = Debug|Any CPU
		{A234E713-5AE2-4E41-B5E1-F70758D1AEDE}.Debug|x86.Build.0 = Debug|Any CPU
		{A234E713-5AE2-4E41-B5E1-F70758D1AEDE}.Release|Any CPU.ActiveCfg = Release|Any CPU
		{A234E713-5AE2-4E41-B5E1-F70758D1AEDE}.Release|Any CPU.Build.0 = Release|Any CPU
		{A234E713-5AE2-4E41-B5E1-F70758D1AEDE}.Release|x64.ActiveCfg = Release|Any CPU
		{A234E713-5AE2-4E41-B5E1-F70758D1AEDE}.Release|x64.Build.0 = Release|Any CPU
		{A234E713-5AE2-4E41-B5E1-F70758D1AEDE}.Release|x86.ActiveCfg = Release|Any CPU
		{A234E713-5AE2-4E41-B5E1-F70758D1AEDE}.Release|x86.Build.0 = Release|Any CPU
		{1C186E55-8EDD-44A1-A06F-A2D9090E9D79}.Debug|Any CPU.ActiveCfg = Debug|Any CPU
		{1C186E55-8EDD-44A1-A06F-A2D9090E9D79}.Debug|Any CPU.Build.0 = Debug|Any CPU
		{1C186E55-8EDD-44A1-A06F-A2D9090E9D79}.Debug|x64.ActiveCfg = Debug|Any CPU
		{1C186E55-8EDD-44A1-A06F-A2D9090E9D79}.Debug|x64.Build.0 = Debug|Any CPU
		{1C186E55-8EDD-44A1-A06F-A2D9090E9D79}.Debug|x86.ActiveCfg = Debug|Any CPU
		{1C186E55-8EDD-44A1-A06F-A2D9090E9D79}.Debug|x86.Build.0 = Debug|Any CPU
		{1C186E55-8EDD-44A1-A06F-A2D9090E9D79}.Release|Any CPU.ActiveCfg = Release|Any CPU
		{1C186E55-8EDD-44A1-A06F-A2D9090E9D79}.Release|Any CPU.Build.0 = Release|Any CPU
		{1C186E55-8EDD-44A1-A06F-A2D9090E9D79}.Release|x64.ActiveCfg = Release|Any CPU
		{1C186E55-8EDD-44A1-A06F-A2D9090E9D79}.Release|x64.Build.0 = Release|Any CPU
		{1C186E55-8EDD-44A1-A06F-A2D9090E9D79}.Release|x86.ActiveCfg = Release|Any CPU
		{1C186E55-8EDD-44A1-A06F-A2D9090E9D79}.Release|x86.Build.0 = Release|Any CPU
		{A6C4B9C3-893D-4D09-A18A-420A8FAF913C}.Debug|Any CPU.ActiveCfg = Debug|Any CPU
		{A6C4B9C3-893D-4D09-A18A-420A8FAF913C}.Debug|Any CPU.Build.0 = Debug|Any CPU
		{A6C4B9C3-893D-4D09-A18A-420A8FAF913C}.Debug|x64.ActiveCfg = Debug|Any CPU
		{A6C4B9C3-893D-4D09-A18A-420A8FAF913C}.Debug|x64.Build.0 = Debug|Any CPU
		{A6C4B9C3-893D-4D09-A18A-420A8FAF913C}.Debug|x86.ActiveCfg = Debug|Any CPU
		{A6C4B9C3-893D-4D09-A18A-420A8FAF913C}.Debug|x86.Build.0 = Debug|Any CPU
		{A6C4B9C3-893D-4D09-A18A-420A8FAF913C}.Release|Any CPU.ActiveCfg = Release|Any CPU
		{A6C4B9C3-893D-4D09-A18A-420A8FAF913C}.Release|Any CPU.Build.0 = Release|Any CPU
		{A6C4B9C3-893D-4D09-A18A-420A8FAF913C}.Release|x64.ActiveCfg = Release|Any CPU
		{A6C4B9C3-893D-4D09-A18A-420A8FAF913C}.Release|x64.Build.0 = Release|Any CPU
		{A6C4B9C3-893D-4D09-A18A-420A8FAF913C}.Release|x86.ActiveCfg = Release|Any CPU
		{A6C4B9C3-893D-4D09-A18A-420A8FAF913C}.Release|x86.Build.0 = Release|Any CPU
	EndGlobalSection
EndGlobal
